
Microsoft Visual Studio Solution File, Format Version 12.00
# Visual Studio Version 16
VisualStudioVersion = 16.0.29025.244
MinimumVisualStudioVersion = 10.0.40219.1
Project("{FAE04EC0-301F-11D3-BF4B-00C04F79EFBC}") = "ServiceBusExample", "ServiceBusExample.csproj", "{AF126972-F0BF-4A26-979E-C40F887E64C0}"
EndProject
Project("{FAE04EC0-301F-11D3-BF4B-00C04F79EFBC}") = "ServiceBusCommon", "..\ServiceBusCommon\ServiceBusCommon.csproj", "{1845E39D-39A3-46A8-A404-EE9856218796}"
EndProject
Project("{FAE04EC0-301F-11D3-BF4B-00C04F79EFBC}") = "ServiceBusExampleTests", "..\ServiceBusExampleTests\ServiceBusExampleTests.csproj", "{C9495001-CF9D-40E1-98DD-F10048611C29}"
EndProject
Global
	GlobalSection(SolutionConfigurationPlatforms) = preSolution
		Debug|Any CPU = Debug|Any CPU
		Release|Any CPU = Release|Any CPU
	EndGlobalSection
	GlobalSection(ProjectConfigurationPlatforms) = postSolution
		{AF126972-F0BF-4A26-979E-C40F887E64C0}.Debug|Any CPU.ActiveCfg = Debug|Any CPU
		{AF126972-F0BF-4A26-979E-C40F887E64C0}.Debug|Any CPU.Build.0 = Debug|Any CPU
		{AF126972-F0BF-4A26-979E-C40F887E64C0}.Release|Any CPU.ActiveCfg = Release|Any CPU
		{AF126972-F0BF-4A26-979E-C40F887E64C0}.Release|Any CPU.Build.0 = Release|Any CPU
		{1845E39D-39A3-46A8-A404-EE9856218796}.Debug|Any CPU.ActiveCfg = Debug|Any CPU
		{1845E39D-39A3-46A8-A404-EE9856218796}.Debug|Any CPU.Build.0 = Debug|Any CPU
		{1845E39D-39A3-46A8-A404-EE9856218796}.Release|Any CPU.ActiveCfg = Release|Any CPU
		{1845E39D-39A3-46A8-A404-EE9856218796}.Release|Any CPU.Build.0 = Release|Any CPU
		{C9495001-CF9D-40E1-98DD-F10048611C29}.Debug|Any CPU.ActiveCfg = Debug|Any CPU
		{C9495001-CF9D-40E1-98DD-F10048611C29}.Debug|Any CPU.Build.0 = Debug|Any CPU
		{C9495001-CF9D-40E1-98DD-F10048611C29}.Release|Any CPU.ActiveCfg = Release|Any CPU
		{C9495001-CF9D-40E1-98DD-F10048611C29}.Release|Any CPU.Build.0 = Release|Any CPU
	EndGlobalSection
	GlobalSection(SolutionProperties) = preSolution
		HideSolutionNode = FALSE
	EndGlobalSection
	GlobalSection(ExtensibilityGlobals) = postSolution
		SolutionGuid = {4D0B297A-5F44-400F-B75C-DA94F6290588}
	EndGlobalSection
EndGlobal
